// !$*UTF8*$!
{
	archiveVersion = 1;
	classes = {
	};
	objectVersion = 56;
	objects = {

/* Begin PBXBuildFile section */
		2E233CA02C6CA3D700BD5F77 /* Pow in Frameworks */ = {isa = PBXBuildFile; productRef = 2E233C9F2C6CA3D700BD5F77 /* Pow */; };
		2E233CA22C6CAA4F00BD5F77 /* Number+Scale.swift in Sources */ = {isa = PBXBuildFile; fileRef = 2E233CA12C6CAA4F00BD5F77 /* Number+Scale.swift */; };
		2E233CA52C6CEE5900BD5F77 /* Authenticator.xcdatamodeld in Sources */ = {isa = PBXBuildFile; fileRef = 2E233CA32C6CEE5900BD5F77 /* Authenticator.xcdatamodeld */; };
		2E233CAB2C6DA5C000BD5F77 /* HomeFloatingButton.swift in Sources */ = {isa = PBXBuildFile; fileRef = 2E233CA82C6DA5C000BD5F77 /* HomeFloatingButton.swift */; };
		2E233CAC2C6DA5C000BD5F77 /* FloatingMainButton.swift in Sources */ = {isa = PBXBuildFile; fileRef = 2E233CA92C6DA5C000BD5F77 /* FloatingMainButton.swift */; };
		2E233CAD2C6DA5C000BD5F77 /* IconAndTextButton.swift in Sources */ = {isa = PBXBuildFile; fileRef = 2E233CAA2C6DA5C000BD5F77 /* IconAndTextButton.swift */; };
		2E233CB02C6DA65400BD5F77 /* FloatingButton in Frameworks */ = {isa = PBXBuildFile; productRef = 2E233CAF2C6DA65400BD5F77 /* FloatingButton */; };
		2E233CB42C6DA6C800BD5F77 /* View+Extensions.swift in Sources */ = {isa = PBXBuildFile; fileRef = 2E233CB12C6DA6C800BD5F77 /* View+Extensions.swift */; };
		2E233CB52C6DA6C800BD5F77 /* Binding+Extensions.swift in Sources */ = {isa = PBXBuildFile; fileRef = 2E233CB22C6DA6C800BD5F77 /* Binding+Extensions.swift */; };
		2E233CB62C6DA6C800BD5F77 /* TypeAlias.swift in Sources */ = {isa = PBXBuildFile; fileRef = 2E233CB32C6DA6C800BD5F77 /* TypeAlias.swift */; };
		2E35B6B32C6F3C2D00F3F5C0 /* AlertKit in Frameworks */ = {isa = PBXBuildFile; productRef = 2E35B6B22C6F3C2D00F3F5C0 /* AlertKit */; };
		2E35B6B62C6F3CAE00F3F5C0 /* AlertKitHelper.swift in Sources */ = {isa = PBXBuildFile; fileRef = 2E35B6B52C6F3CAE00F3F5C0 /* AlertKitHelper.swift */; };
		2E35B6BB2C71D31F00F3F5C0 /* HomeEmptyImage.swift in Sources */ = {isa = PBXBuildFile; fileRef = 2E35B6BA2C71D31F00F3F5C0 /* HomeEmptyImage.swift */; };
		2EAE4C5E2C73300E0053B71D /* SettingType.swift in Sources */ = {isa = PBXBuildFile; fileRef = 2EAE4C582C73300E0053B71D /* SettingType.swift */; };
		2EAE4C5F2C73300E0053B71D /* WebView.swift in Sources */ = {isa = PBXBuildFile; fileRef = 2EAE4C5A2C73300E0053B71D /* WebView.swift */; };
		2EAE4C602C73300E0053B71D /* SettingView.swift in Sources */ = {isa = PBXBuildFile; fileRef = 2EAE4C5C2C73300E0053B71D /* SettingView.swift */; };
		2EAE4C622C7330460053B71D /* SettingHeaderView.swift in Sources */ = {isa = PBXBuildFile; fileRef = 2EAE4C612C7330460053B71D /* SettingHeaderView.swift */; };
		2EAE4C652C7334370053B71D /* Lottie in Frameworks */ = {isa = PBXBuildFile; productRef = 2EAE4C642C7334370053B71D /* Lottie */; };
		2EAE4C682C7334910053B71D /* king-icon-lottie.json in Resources */ = {isa = PBXBuildFile; fileRef = 2EAE4C672C7334910053B71D /* king-icon-lottie.json */; };
		2EAE4C6A2C7342940053B71D /* LinearGradient+Extensions.swift in Sources */ = {isa = PBXBuildFile; fileRef = 2EAE4C692C7342940053B71D /* LinearGradient+Extensions.swift */; };
		2EAE4C6E2C743BC40053B71D /* PremiumLottieView.swift in Sources */ = {isa = PBXBuildFile; fileRef = 2EAE4C6D2C743BC40053B71D /* PremiumLottieView.swift */; };
		2EAE4C782C747D2F0053B71D /* Shimmer in Frameworks */ = {isa = PBXBuildFile; productRef = 2EAE4C772C747D2F0053B71D /* Shimmer */; };
		2EE5657F2C6C533500A3B69B /* AppDelegate.swift in Sources */ = {isa = PBXBuildFile; fileRef = 2EE5657E2C6C533500A3B69B /* AppDelegate.swift */; };
		2EE565812C6C533500A3B69B /* SceneDelegate.swift in Sources */ = {isa = PBXBuildFile; fileRef = 2EE565802C6C533500A3B69B /* SceneDelegate.swift */; };
		2EE565832C6C533500A3B69B /* ViewController.swift in Sources */ = {isa = PBXBuildFile; fileRef = 2EE565822C6C533500A3B69B /* ViewController.swift */; };
		2EE565882C6C533700A3B69B /* Assets.xcassets in Resources */ = {isa = PBXBuildFile; fileRef = 2EE565872C6C533700A3B69B /* Assets.xcassets */; };
		2EE5658B2C6C533700A3B69B /* Base in Resources */ = {isa = PBXBuildFile; fileRef = 2EE5658A2C6C533700A3B69B /* Base */; };
		2EE5659A2C6C548B00A3B69B /* UIWindow+Extensions.swift in Sources */ = {isa = PBXBuildFile; fileRef = 2EE565922C6C548B00A3B69B /* UIWindow+Extensions.swift */; };
		2EE5659C2C6C548B00A3B69B /* AppCoordinator.swift in Sources */ = {isa = PBXBuildFile; fileRef = 2EE565962C6C548B00A3B69B /* AppCoordinator.swift */; };
		2EE5659D2C6C548B00A3B69B /* CoordinatorProtocols.swift in Sources */ = {isa = PBXBuildFile; fileRef = 2EE565972C6C548B00A3B69B /* CoordinatorProtocols.swift */; };
		2EE5659E2C6C548B00A3B69B /* MainViewCoordinator.swift in Sources */ = {isa = PBXBuildFile; fileRef = 2EE565982C6C548B00A3B69B /* MainViewCoordinator.swift */; };
		2EE565A12C6C562900A3B69B /* SwiftOTP in Frameworks */ = {isa = PBXBuildFile; productRef = 2EE565A02C6C562900A3B69B /* SwiftOTP */; };
		2EE565A42C6C564000A3B69B /* TabBarModule in Frameworks */ = {isa = PBXBuildFile; productRef = 2EE565A32C6C564000A3B69B /* TabBarModule */; };
		2EE565C22C6C57C600A3B69B /* OTPGenerator.swift in Sources */ = {isa = PBXBuildFile; fileRef = 2EE565A82C6C57C600A3B69B /* OTPGenerator.swift */; };
		2EE565C32C6C57C600A3B69B /* Token.swift in Sources */ = {isa = PBXBuildFile; fileRef = 2EE565A92C6C57C600A3B69B /* Token.swift */; };
		2EE565C42C6C57C600A3B69B /* AboutView.swift in Sources */ = {isa = PBXBuildFile; fileRef = 2EE565AB2C6C57C600A3B69B /* AboutView.swift */; };
		2EE565C52C6C57C600A3B69B /* ExportView.swift in Sources */ = {isa = PBXBuildFile; fileRef = 2EE565AC2C6C57C600A3B69B /* ExportView.swift */; };
		2EE565C62C6C57C600A3B69B /* ActivityView.swift in Sources */ = {isa = PBXBuildFile; fileRef = 2EE565AE2C6C57C600A3B69B /* ActivityView.swift */; };
		2EE565C72C6C57C600A3B69B /* MenuCopyButton.swift in Sources */ = {isa = PBXBuildFile; fileRef = 2EE565AF2C6C57C600A3B69B /* MenuCopyButton.swift */; };
		2EE565C82C6C57C600A3B69B /* View+copiedBanner.swift in Sources */ = {isa = PBXBuildFile; fileRef = 2EE565B02C6C57C600A3B69B /* View+copiedBanner.swift */; };
		2EE565C92C6C57C600A3B69B /* ManualEntryView.swift in Sources */ = {isa = PBXBuildFile; fileRef = 2EE565B22C6C57C600A3B69B /* ManualEntryView.swift */; };
		2EE565CA2C6C57C600A3B69B /* PhotoPicker.swift in Sources */ = {isa = PBXBuildFile; fileRef = 2EE565B32C6C57C600A3B69B /* PhotoPicker.swift */; };
		2EE565CB2C6C57C600A3B69B /* ScannerView.swift in Sources */ = {isa = PBXBuildFile; fileRef = 2EE565B42C6C57C600A3B69B /* ScannerView.swift */; };
		2EE565CC2C6C57C600A3B69B /* TabBarItemE.swift in Sources */ = {isa = PBXBuildFile; fileRef = 2EE565B62C6C57C600A3B69B /* TabBarItemE.swift */; };
		2EE565CD2C6C57C600A3B69B /* TabBarSettings.swift in Sources */ = {isa = PBXBuildFile; fileRef = 2EE565B72C6C57C600A3B69B /* TabBarSettings.swift */; };
		2EE565CE2C6C57C600A3B69B /* TabBarView.swift in Sources */ = {isa = PBXBuildFile; fileRef = 2EE565B82C6C57C600A3B69B /* TabBarView.swift */; };
		2EE565CF2C6C57C600A3B69B /* DateExtensions.swift in Sources */ = {isa = PBXBuildFile; fileRef = 2EE565BA2C6C57C600A3B69B /* DateExtensions.swift */; };
		2EE565D02C6C57C600A3B69B /* StringExtensions.swift in Sources */ = {isa = PBXBuildFile; fileRef = 2EE565BB2C6C57C600A3B69B /* StringExtensions.swift */; };
		2EE565D12C6C57C600A3B69B /* URLExtensions.swift in Sources */ = {isa = PBXBuildFile; fileRef = 2EE565BC2C6C57C600A3B69B /* URLExtensions.swift */; };
		2EE565D22C6C57C600A3B69B /* CodeCardView.swift in Sources */ = {isa = PBXBuildFile; fileRef = 2EE565BE2C6C57C600A3B69B /* CodeCardView.swift */; };
		2EE565D32C6C57C600A3B69B /* EditAccountView.swift in Sources */ = {isa = PBXBuildFile; fileRef = 2EE565BF2C6C57C600A3B69B /* EditAccountView.swift */; };
		2EE565D42C6C57C600A3B69B /* TokenDetailView.swift in Sources */ = {isa = PBXBuildFile; fileRef = 2EE565C02C6C57C600A3B69B /* TokenDetailView.swift */; };
		2EE565D72C6C584200A3B69B /* HomeView.swift in Sources */ = {isa = PBXBuildFile; fileRef = 2EE565D62C6C584200A3B69B /* HomeView.swift */; };
		2EE565DA2C6C5A7F00A3B69B /* SnapKit in Frameworks */ = {isa = PBXBuildFile; productRef = 2EE565D92C6C5A7F00A3B69B /* SnapKit */; };
		2EE565DE2C6C8B0500A3B69B /* OnboardingView.swift in Sources */ = {isa = PBXBuildFile; fileRef = 2EE565DB2C6C8B0500A3B69B /* OnboardingView.swift */; };
		2EE565DF2C6C8B0500A3B69B /* UIOnboardingHelper.swift in Sources */ = {isa = PBXBuildFile; fileRef = 2EE565DC2C6C8B0500A3B69B /* UIOnboardingHelper.swift */; };
		2EE565E22C6C8B2100A3B69B /* UIOnboarding in Frameworks */ = {isa = PBXBuildFile; productRef = 2EE565E12C6C8B2100A3B69B /* UIOnboarding */; };
/* End PBXBuildFile section */

/* Begin PBXFileReference section */
		2E233CA12C6CAA4F00BD5F77 /* Number+Scale.swift */ = {isa = PBXFileReference; lastKnownFileType = sourcecode.swift; path = "Number+Scale.swift"; sourceTree = "<group>"; };
		2E233CA42C6CEE5900BD5F77 /* Authenticator.xcdatamodel */ = {isa = PBXFileReference; lastKnownFileType = wrapper.xcdatamodel; path = Authenticator.xcdatamodel; sourceTree = "<group>"; };
		2E233CA82C6DA5C000BD5F77 /* HomeFloatingButton.swift */ = {isa = PBXFileReference; fileEncoding = 4; lastKnownFileType = sourcecode.swift; path = HomeFloatingButton.swift; sourceTree = "<group>"; };
		2E233CA92C6DA5C000BD5F77 /* FloatingMainButton.swift */ = {isa = PBXFileReference; fileEncoding = 4; lastKnownFileType = sourcecode.swift; path = FloatingMainButton.swift; sourceTree = "<group>"; };
		2E233CAA2C6DA5C000BD5F77 /* IconAndTextButton.swift */ = {isa = PBXFileReference; fileEncoding = 4; lastKnownFileType = sourcecode.swift; path = IconAndTextButton.swift; sourceTree = "<group>"; };
		2E233CB12C6DA6C800BD5F77 /* View+Extensions.swift */ = {isa = PBXFileReference; fileEncoding = 4; lastKnownFileType = sourcecode.swift; path = "View+Extensions.swift"; sourceTree = "<group>"; };
		2E233CB22C6DA6C800BD5F77 /* Binding+Extensions.swift */ = {isa = PBXFileReference; fileEncoding = 4; lastKnownFileType = sourcecode.swift; path = "Binding+Extensions.swift"; sourceTree = "<group>"; };
		2E233CB32C6DA6C800BD5F77 /* TypeAlias.swift */ = {isa = PBXFileReference; fileEncoding = 4; lastKnownFileType = sourcecode.swift; path = TypeAlias.swift; sourceTree = "<group>"; };
		2E35B6B52C6F3CAE00F3F5C0 /* AlertKitHelper.swift */ = {isa = PBXFileReference; lastKnownFileType = sourcecode.swift; path = AlertKitHelper.swift; sourceTree = "<group>"; };
		2E35B6BA2C71D31F00F3F5C0 /* HomeEmptyImage.swift */ = {isa = PBXFileReference; lastKnownFileType = sourcecode.swift; path = HomeEmptyImage.swift; sourceTree = "<group>"; };
		2EAE4C582C73300E0053B71D /* SettingType.swift */ = {isa = PBXFileReference; fileEncoding = 4; lastKnownFileType = sourcecode.swift; path = SettingType.swift; sourceTree = "<group>"; };
		2EAE4C5A2C73300E0053B71D /* WebView.swift */ = {isa = PBXFileReference; fileEncoding = 4; lastKnownFileType = sourcecode.swift; path = WebView.swift; sourceTree = "<group>"; };
		2EAE4C5C2C73300E0053B71D /* SettingView.swift */ = {isa = PBXFileReference; fileEncoding = 4; lastKnownFileType = sourcecode.swift; path = SettingView.swift; sourceTree = "<group>"; };
		2EAE4C612C7330460053B71D /* SettingHeaderView.swift */ = {isa = PBXFileReference; lastKnownFileType = sourcecode.swift; path = SettingHeaderView.swift; sourceTree = "<group>"; };
		2EAE4C672C7334910053B71D /* king-icon-lottie.json */ = {isa = PBXFileReference; fileEncoding = 4; lastKnownFileType = text.json; path = "king-icon-lottie.json"; sourceTree = "<group>"; };
		2EAE4C692C7342940053B71D /* LinearGradient+Extensions.swift */ = {isa = PBXFileReference; lastKnownFileType = sourcecode.swift; path = "LinearGradient+Extensions.swift"; sourceTree = "<group>"; };
		2EAE4C6D2C743BC40053B71D /* PremiumLottieView.swift */ = {isa = PBXFileReference; lastKnownFileType = sourcecode.swift; path = PremiumLottieView.swift; sourceTree = "<group>"; };
		2EE5657B2C6C533500A3B69B /* Authenticator.app */ = {isa = PBXFileReference; explicitFileType = wrapper.application; includeInIndex = 0; path = Authenticator.app; sourceTree = BUILT_PRODUCTS_DIR; };
		2EE5657E2C6C533500A3B69B /* AppDelegate.swift */ = {isa = PBXFileReference; lastKnownFileType = sourcecode.swift; path = AppDelegate.swift; sourceTree = "<group>"; };
		2EE565802C6C533500A3B69B /* SceneDelegate.swift */ = {isa = PBXFileReference; lastKnownFileType = sourcecode.swift; path = SceneDelegate.swift; sourceTree = "<group>"; };
		2EE565822C6C533500A3B69B /* ViewController.swift */ = {isa = PBXFileReference; lastKnownFileType = sourcecode.swift; path = ViewController.swift; sourceTree = "<group>"; };
		2EE565872C6C533700A3B69B /* Assets.xcassets */ = {isa = PBXFileReference; lastKnownFileType = folder.assetcatalog; path = Assets.xcassets; sourceTree = "<group>"; };
		2EE5658A2C6C533700A3B69B /* Base */ = {isa = PBXFileReference; lastKnownFileType = file.storyboard; name = Base; path = Base.lproj/LaunchScreen.storyboard; sourceTree = "<group>"; };
		2EE5658C2C6C533700A3B69B /* Info.plist */ = {isa = PBXFileReference; lastKnownFileType = text.plist.xml; path = Info.plist; sourceTree = "<group>"; };
		2EE565922C6C548B00A3B69B /* UIWindow+Extensions.swift */ = {isa = PBXFileReference; fileEncoding = 4; lastKnownFileType = sourcecode.swift; path = "UIWindow+Extensions.swift"; sourceTree = "<group>"; };
		2EE565962C6C548B00A3B69B /* AppCoordinator.swift */ = {isa = PBXFileReference; fileEncoding = 4; lastKnownFileType = sourcecode.swift; path = AppCoordinator.swift; sourceTree = "<group>"; };
		2EE565972C6C548B00A3B69B /* CoordinatorProtocols.swift */ = {isa = PBXFileReference; fileEncoding = 4; lastKnownFileType = sourcecode.swift; path = CoordinatorProtocols.swift; sourceTree = "<group>"; };
		2EE565982C6C548B00A3B69B /* MainViewCoordinator.swift */ = {isa = PBXFileReference; fileEncoding = 4; lastKnownFileType = sourcecode.swift; path = MainViewCoordinator.swift; sourceTree = "<group>"; };
		2EE565A82C6C57C600A3B69B /* OTPGenerator.swift */ = {isa = PBXFileReference; fileEncoding = 4; lastKnownFileType = sourcecode.swift; path = OTPGenerator.swift; sourceTree = "<group>"; };
		2EE565A92C6C57C600A3B69B /* Token.swift */ = {isa = PBXFileReference; fileEncoding = 4; lastKnownFileType = sourcecode.swift; path = Token.swift; sourceTree = "<group>"; };
		2EE565AB2C6C57C600A3B69B /* AboutView.swift */ = {isa = PBXFileReference; fileEncoding = 4; lastKnownFileType = sourcecode.swift; path = AboutView.swift; sourceTree = "<group>"; };
		2EE565AC2C6C57C600A3B69B /* ExportView.swift */ = {isa = PBXFileReference; fileEncoding = 4; lastKnownFileType = sourcecode.swift; path = ExportView.swift; sourceTree = "<group>"; };
		2EE565AE2C6C57C600A3B69B /* ActivityView.swift */ = {isa = PBXFileReference; fileEncoding = 4; lastKnownFileType = sourcecode.swift; path = ActivityView.swift; sourceTree = "<group>"; };
		2EE565AF2C6C57C600A3B69B /* MenuCopyButton.swift */ = {isa = PBXFileReference; fileEncoding = 4; lastKnownFileType = sourcecode.swift; path = MenuCopyButton.swift; sourceTree = "<group>"; };
		2EE565B02C6C57C600A3B69B /* View+copiedBanner.swift */ = {isa = PBXFileReference; fileEncoding = 4; lastKnownFileType = sourcecode.swift; path = "View+copiedBanner.swift"; sourceTree = "<group>"; };
		2EE565B22C6C57C600A3B69B /* ManualEntryView.swift */ = {isa = PBXFileReference; fileEncoding = 4; lastKnownFileType = sourcecode.swift; path = ManualEntryView.swift; sourceTree = "<group>"; };
		2EE565B32C6C57C600A3B69B /* PhotoPicker.swift */ = {isa = PBXFileReference; fileEncoding = 4; lastKnownFileType = sourcecode.swift; path = PhotoPicker.swift; sourceTree = "<group>"; };
		2EE565B42C6C57C600A3B69B /* ScannerView.swift */ = {isa = PBXFileReference; fileEncoding = 4; lastKnownFileType = sourcecode.swift; path = ScannerView.swift; sourceTree = "<group>"; };
		2EE565B62C6C57C600A3B69B /* TabBarItemE.swift */ = {isa = PBXFileReference; fileEncoding = 4; lastKnownFileType = sourcecode.swift; path = TabBarItemE.swift; sourceTree = "<group>"; };
		2EE565B72C6C57C600A3B69B /* TabBarSettings.swift */ = {isa = PBXFileReference; fileEncoding = 4; lastKnownFileType = sourcecode.swift; path = TabBarSettings.swift; sourceTree = "<group>"; };
		2EE565B82C6C57C600A3B69B /* TabBarView.swift */ = {isa = PBXFileReference; fileEncoding = 4; lastKnownFileType = sourcecode.swift; path = TabBarView.swift; sourceTree = "<group>"; };
		2EE565BA2C6C57C600A3B69B /* DateExtensions.swift */ = {isa = PBXFileReference; fileEncoding = 4; lastKnownFileType = sourcecode.swift; path = DateExtensions.swift; sourceTree = "<group>"; };
		2EE565BB2C6C57C600A3B69B /* StringExtensions.swift */ = {isa = PBXFileReference; fileEncoding = 4; lastKnownFileType = sourcecode.swift; path = StringExtensions.swift; sourceTree = "<group>"; };
		2EE565BC2C6C57C600A3B69B /* URLExtensions.swift */ = {isa = PBXFileReference; fileEncoding = 4; lastKnownFileType = sourcecode.swift; path = URLExtensions.swift; sourceTree = "<group>"; };
		2EE565BE2C6C57C600A3B69B /* CodeCardView.swift */ = {isa = PBXFileReference; fileEncoding = 4; lastKnownFileType = sourcecode.swift; path = CodeCardView.swift; sourceTree = "<group>"; };
		2EE565BF2C6C57C600A3B69B /* EditAccountView.swift */ = {isa = PBXFileReference; fileEncoding = 4; lastKnownFileType = sourcecode.swift; path = EditAccountView.swift; sourceTree = "<group>"; };
		2EE565C02C6C57C600A3B69B /* TokenDetailView.swift */ = {isa = PBXFileReference; fileEncoding = 4; lastKnownFileType = sourcecode.swift; path = TokenDetailView.swift; sourceTree = "<group>"; };
		2EE565D62C6C584200A3B69B /* HomeView.swift */ = {isa = PBXFileReference; lastKnownFileType = sourcecode.swift; path = HomeView.swift; sourceTree = "<group>"; };
		2EE565DB2C6C8B0500A3B69B /* OnboardingView.swift */ = {isa = PBXFileReference; fileEncoding = 4; lastKnownFileType = sourcecode.swift; path = OnboardingView.swift; sourceTree = "<group>"; };
		2EE565DC2C6C8B0500A3B69B /* UIOnboardingHelper.swift */ = {isa = PBXFileReference; fileEncoding = 4; lastKnownFileType = sourcecode.swift; path = UIOnboardingHelper.swift; sourceTree = "<group>"; };
/* End PBXFileReference section */

/* Begin PBXFrameworksBuildPhase section */
		2EE565782C6C533500A3B69B /* Frameworks */ = {
			isa = PBXFrameworksBuildPhase;
			buildActionMask = 2147483647;
			files = (
				2E233CB02C6DA65400BD5F77 /* FloatingButton in Frameworks */,
				2E233CA02C6CA3D700BD5F77 /* Pow in Frameworks */,
				2E35B6B32C6F3C2D00F3F5C0 /* AlertKit in Frameworks */,
				2EAE4C782C747D2F0053B71D /* Shimmer in Frameworks */,
				2EE565DA2C6C5A7F00A3B69B /* SnapKit in Frameworks */,
				2EE565E22C6C8B2100A3B69B /* UIOnboarding in Frameworks */,
				2EE565A42C6C564000A3B69B /* TabBarModule in Frameworks */,
				2EE565A12C6C562900A3B69B /* SwiftOTP in Frameworks */,
				2EAE4C652C7334370053B71D /* Lottie in Frameworks */,
			);
			runOnlyForDeploymentPostprocessing = 0;
		};
/* End PBXFrameworksBuildPhase section */

/* Begin PBXGroup section */
		2E233CA62C6DA56A00BD5F77 /* Views */ = {
			isa = PBXGroup;
			children = (
				2E35B6B72C71D2E700F3F5C0 /* Onboard */,
				2E233CA72C6DA57100BD5F77 /* FloatingButton */,
				2EAE4C6D2C743BC40053B71D /* PremiumLottieView.swift */,
			);
			path = Views;
			sourceTree = "<group>";
		};
		2E233CA72C6DA57100BD5F77 /* FloatingButton */ = {
			isa = PBXGroup;
			children = (
				2E233CA92C6DA5C000BD5F77 /* FloatingMainButton.swift */,
				2E233CA82C6DA5C000BD5F77 /* HomeFloatingButton.swift */,
				2E233CAA2C6DA5C000BD5F77 /* IconAndTextButton.swift */,
			);
			path = FloatingButton;
			sourceTree = "<group>";
		};
		2E35B6B42C6F3C9900F3F5C0 /* Helpers */ = {
			isa = PBXGroup;
			children = (
				2E35B6B52C6F3CAE00F3F5C0 /* AlertKitHelper.swift */,
			);
			path = Helpers;
			sourceTree = "<group>";
		};
		2E35B6B72C71D2E700F3F5C0 /* Onboard */ = {
			isa = PBXGroup;
			children = (
				2E35B6BA2C71D31F00F3F5C0 /* HomeEmptyImage.swift */,
			);
			path = Onboard;
			sourceTree = "<group>";
		};
		2EAE4C592C73300E0053B71D /* Model */ = {
			isa = PBXGroup;
			children = (
				2EAE4C582C73300E0053B71D /* SettingType.swift */,
			);
			path = Model;
			sourceTree = "<group>";
		};
		2EAE4C5B2C73300E0053B71D /* Views */ = {
			isa = PBXGroup;
			children = (
				2EAE4C5A2C73300E0053B71D /* WebView.swift */,
				2EAE4C612C7330460053B71D /* SettingHeaderView.swift */,
			);
			path = Views;
			sourceTree = "<group>";
		};
		2EAE4C5D2C73300E0053B71D /* Settings */ = {
			isa = PBXGroup;
			children = (
				2EAE4C592C73300E0053B71D /* Model */,
				2EAE4C5B2C73300E0053B71D /* Views */,
				2EAE4C5C2C73300E0053B71D /* SettingView.swift */,
			);
			path = Settings;
			sourceTree = "<group>";
		};
		2EAE4C662C7334790053B71D /* Lottie */ = {
			isa = PBXGroup;
			children = (
				2EAE4C672C7334910053B71D /* king-icon-lottie.json */,
			);
			path = Lottie;
			sourceTree = "<group>";
		};
		2EAE4C6F2C747C5C0053B71D /* Modifiers */ = {
			isa = PBXGroup;
			children = (
			);
			path = Modifiers;
			sourceTree = "<group>";
		};
		2EE565722C6C533500A3B69B = {
			isa = PBXGroup;
			children = (
				2EE5657D2C6C533500A3B69B /* Authenticator */,
				2EE5657C2C6C533500A3B69B /* Products */,
			);
			sourceTree = "<group>";
		};
		2EE5657C2C6C533500A3B69B /* Products */ = {
			isa = PBXGroup;
			children = (
				2EE5657B2C6C533500A3B69B /* Authenticator.app */,
			);
			name = Products;
			sourceTree = "<group>";
		};
		2EE5657D2C6C533500A3B69B /* Authenticator */ = {
			isa = PBXGroup;
			children = (
				2EAE4C6F2C747C5C0053B71D /* Modifiers */,
				2E233CA32C6CEE5900BD5F77 /* Authenticator.xcdatamodeld */,
				2E35B6B42C6F3C9900F3F5C0 /* Helpers */,
				2EE565992C6C548B00A3B69B /* Coordinators */,
				2EE565932C6C548B00A3B69B /* Extensions */,
				2EE565952C6C548B00A3B69B /* Functions */,
				2EE5657E2C6C533500A3B69B /* AppDelegate.swift */,
				2EE565802C6C533500A3B69B /* SceneDelegate.swift */,
				2EE565822C6C533500A3B69B /* ViewController.swift */,
				2EE565872C6C533700A3B69B /* Assets.xcassets */,
				2EE565892C6C533700A3B69B /* LaunchScreen.storyboard */,
				2EE5658C2C6C533700A3B69B /* Info.plist */,
			);
			path = Authenticator;
			sourceTree = "<group>";
		};
		2EE565932C6C548B00A3B69B /* Extensions */ = {
			isa = PBXGroup;
			children = (
				2E233CB22C6DA6C800BD5F77 /* Binding+Extensions.swift */,
				2E233CB32C6DA6C800BD5F77 /* TypeAlias.swift */,
				2E233CB12C6DA6C800BD5F77 /* View+Extensions.swift */,
				2EE565922C6C548B00A3B69B /* UIWindow+Extensions.swift */,
				2EE565BA2C6C57C600A3B69B /* DateExtensions.swift */,
				2EE565BB2C6C57C600A3B69B /* StringExtensions.swift */,
				2EE565BC2C6C57C600A3B69B /* URLExtensions.swift */,
				2E233CA12C6CAA4F00BD5F77 /* Number+Scale.swift */,
				2EAE4C692C7342940053B71D /* LinearGradient+Extensions.swift */,
			);
			path = Extensions;
			sourceTree = "<group>";
		};
		2EE565952C6C548B00A3B69B /* Functions */ = {
			isa = PBXGroup;
			children = (
				2EAE4C5D2C73300E0053B71D /* Settings */,
				2EE565DD2C6C8B0500A3B69B /* Onboarding */,
				2EE565D52C6C583200A3B69B /* Home */,
				2EE565B52C6C57C600A3B69B /* Adding */,
				2EE565AD2C6C57C600A3B69B /* More */,
				2EE565B92C6C57C600A3B69B /* TabBar */,
				2EE565AA2C6C57C600A3B69B /* Token */,
				2EE565C12C6C57C600A3B69B /* TokenViews */,
				2EE565B12C6C57C600A3B69B /* ViewComponents */,
			);
			path = Functions;
			sourceTree = "<group>";
		};
		2EE565992C6C548B00A3B69B /* Coordinators */ = {
			isa = PBXGroup;
			children = (
				2EE565962C6C548B00A3B69B /* AppCoordinator.swift */,
				2EE565972C6C548B00A3B69B /* CoordinatorProtocols.swift */,
				2EE565982C6C548B00A3B69B /* MainViewCoordinator.swift */,
			);
			path = Coordinators;
			sourceTree = "<group>";
		};
		2EE565AA2C6C57C600A3B69B /* Token */ = {
			isa = PBXGroup;
			children = (
				2EE565A82C6C57C600A3B69B /* OTPGenerator.swift */,
				2EE565A92C6C57C600A3B69B /* Token.swift */,
			);
			path = Token;
			sourceTree = "<group>";
		};
		2EE565AD2C6C57C600A3B69B /* More */ = {
			isa = PBXGroup;
			children = (
				2EE565AB2C6C57C600A3B69B /* AboutView.swift */,
				2EE565AC2C6C57C600A3B69B /* ExportView.swift */,
			);
			path = More;
			sourceTree = "<group>";
		};
		2EE565B12C6C57C600A3B69B /* ViewComponents */ = {
			isa = PBXGroup;
			children = (
				2EE565AE2C6C57C600A3B69B /* ActivityView.swift */,
				2EE565AF2C6C57C600A3B69B /* MenuCopyButton.swift */,
				2EE565B02C6C57C600A3B69B /* View+copiedBanner.swift */,
			);
			path = ViewComponents;
			sourceTree = "<group>";
		};
		2EE565B52C6C57C600A3B69B /* Adding */ = {
			isa = PBXGroup;
			children = (
				2EE565B22C6C57C600A3B69B /* ManualEntryView.swift */,
				2EE565B32C6C57C600A3B69B /* PhotoPicker.swift */,
				2EE565B42C6C57C600A3B69B /* ScannerView.swift */,
			);
			path = Adding;
			sourceTree = "<group>";
		};
		2EE565B92C6C57C600A3B69B /* TabBar */ = {
			isa = PBXGroup;
			children = (
				2EE565B62C6C57C600A3B69B /* TabBarItemE.swift */,
				2EE565B72C6C57C600A3B69B /* TabBarSettings.swift */,
				2EE565B82C6C57C600A3B69B /* TabBarView.swift */,
			);
			path = TabBar;
			sourceTree = "<group>";
		};
		2EE565C12C6C57C600A3B69B /* TokenViews */ = {
			isa = PBXGroup;
			children = (
				2EE565BE2C6C57C600A3B69B /* CodeCardView.swift */,
				2EE565BF2C6C57C600A3B69B /* EditAccountView.swift */,
				2EE565C02C6C57C600A3B69B /* TokenDetailView.swift */,
			);
			path = TokenViews;
			sourceTree = "<group>";
		};
		2EE565D52C6C583200A3B69B /* Home */ = {
			isa = PBXGroup;
			children = (
				2EAE4C662C7334790053B71D /* Lottie */,
				2E233CA62C6DA56A00BD5F77 /* Views */,
				2EE565D62C6C584200A3B69B /* HomeView.swift */,
			);
			path = Home;
			sourceTree = "<group>";
		};
		2EE565DD2C6C8B0500A3B69B /* Onboarding */ = {
			isa = PBXGroup;
			children = (
				2EE565DB2C6C8B0500A3B69B /* OnboardingView.swift */,
				2EE565DC2C6C8B0500A3B69B /* UIOnboardingHelper.swift */,
			);
			path = Onboarding;
			sourceTree = "<group>";
		};
/* End PBXGroup section */

/* Begin PBXNativeTarget section */
		2EE5657A2C6C533500A3B69B /* Authenticator */ = {
			isa = PBXNativeTarget;
			buildConfigurationList = 2EE5658F2C6C533700A3B69B /* Build configuration list for PBXNativeTarget "Authenticator" */;
			buildPhases = (
				2EE565772C6C533500A3B69B /* Sources */,
				2EE565782C6C533500A3B69B /* Frameworks */,
				2EE565792C6C533500A3B69B /* Resources */,
			);
			buildRules = (
			);
			dependencies = (
			);
			name = Authenticator;
			packageProductDependencies = (
				2EE565A02C6C562900A3B69B /* SwiftOTP */,
				2EE565A32C6C564000A3B69B /* TabBarModule */,
				2EE565D92C6C5A7F00A3B69B /* SnapKit */,
				2EE565E12C6C8B2100A3B69B /* UIOnboarding */,
				2E233C9F2C6CA3D700BD5F77 /* Pow */,
				2E233CAF2C6DA65400BD5F77 /* FloatingButton */,
				2E35B6B22C6F3C2D00F3F5C0 /* AlertKit */,
				2EAE4C642C7334370053B71D /* Lottie */,
				2EAE4C772C747D2F0053B71D /* Shimmer */,
			);
			productName = Authenticator;
			productReference = 2EE5657B2C6C533500A3B69B /* Authenticator.app */;
			productType = "com.apple.product-type.application";
		};
/* End PBXNativeTarget section */

/* Begin PBXProject section */
		2EE565732C6C533500A3B69B /* Project object */ = {
			isa = PBXProject;
			attributes = {
				BuildIndependentTargetsInParallel = 1;
				LastSwiftUpdateCheck = 1540;
				LastUpgradeCheck = 1540;
				TargetAttributes = {
					2EE5657A2C6C533500A3B69B = {
						CreatedOnToolsVersion = 15.4;
					};
				};
			};
			buildConfigurationList = 2EE565762C6C533500A3B69B /* Build configuration list for PBXProject "Authenticator" */;
			compatibilityVersion = "Xcode 14.0";
			developmentRegion = en;
			hasScannedForEncodings = 0;
			knownRegions = (
				en,
				Base,
			);
			mainGroup = 2EE565722C6C533500A3B69B;
			packageReferences = (
				2EE5659F2C6C562900A3B69B /* XCRemoteSwiftPackageReference "SwiftOTP" */,
				2EE565A22C6C564000A3B69B /* XCRemoteSwiftPackageReference "swiftui-tab-bar" */,
				2EE565D82C6C5A7F00A3B69B /* XCRemoteSwiftPackageReference "SnapKit" */,
				2EE565E02C6C8B2100A3B69B /* XCRemoteSwiftPackageReference "UIOnboarding" */,
				2E233C9E2C6CA3D700BD5F77 /* XCRemoteSwiftPackageReference "Pow" */,
				2E233CAE2C6DA65400BD5F77 /* XCRemoteSwiftPackageReference "FloatingButton" */,
				2E35B6B12C6F3C2D00F3F5C0 /* XCRemoteSwiftPackageReference "AlertKit" */,
				2EAE4C632C7334370053B71D /* XCRemoteSwiftPackageReference "lottie-spm" */,
				2EAE4C762C747D2F0053B71D /* XCRemoteSwiftPackageReference "SwiftUI-Shimmer" */,
			);
			productRefGroup = 2EE5657C2C6C533500A3B69B /* Products */;
			projectDirPath = "";
			projectRoot = "";
			targets = (
				2EE5657A2C6C533500A3B69B /* Authenticator */,
			);
		};
/* End PBXProject section */

/* Begin PBXResourcesBuildPhase section */
		2EE565792C6C533500A3B69B /* Resources */ = {
			isa = PBXResourcesBuildPhase;
			buildActionMask = 2147483647;
			files = (
				2EAE4C682C7334910053B71D /* king-icon-lottie.json in Resources */,
				2EE565882C6C533700A3B69B /* Assets.xcassets in Resources */,
				2EE5658B2C6C533700A3B69B /* Base in Resources */,
			);
			runOnlyForDeploymentPostprocessing = 0;
		};
/* End PBXResourcesBuildPhase section */

/* Begin PBXSourcesBuildPhase section */
		2EE565772C6C533500A3B69B /* Sources */ = {
			isa = PBXSourcesBuildPhase;
			buildActionMask = 2147483647;
			files = (
				2EE565DE2C6C8B0500A3B69B /* OnboardingView.swift in Sources */,
				2EE565D02C6C57C600A3B69B /* StringExtensions.swift in Sources */,
				2EE565CF2C6C57C600A3B69B /* DateExtensions.swift in Sources */,
				2EAE4C602C73300E0053B71D /* SettingView.swift in Sources */,
				2E233CB42C6DA6C800BD5F77 /* View+Extensions.swift in Sources */,
				2EE565D12C6C57C600A3B69B /* URLExtensions.swift in Sources */,
				2E233CA22C6CAA4F00BD5F77 /* Number+Scale.swift in Sources */,
				2E233CB62C6DA6C800BD5F77 /* TypeAlias.swift in Sources */,
				2EE565CD2C6C57C600A3B69B /* TabBarSettings.swift in Sources */,
				2EE5659E2C6C548B00A3B69B /* MainViewCoordinator.swift in Sources */,
				2EE565CB2C6C57C600A3B69B /* ScannerView.swift in Sources */,
				2EAE4C622C7330460053B71D /* SettingHeaderView.swift in Sources */,
				2EE565C72C6C57C600A3B69B /* MenuCopyButton.swift in Sources */,
				2EE565CA2C6C57C600A3B69B /* PhotoPicker.swift in Sources */,
				2EE565C82C6C57C600A3B69B /* View+copiedBanner.swift in Sources */,
				2EE5659D2C6C548B00A3B69B /* CoordinatorProtocols.swift in Sources */,
				2E35B6BB2C71D31F00F3F5C0 /* HomeEmptyImage.swift in Sources */,
				2E233CAB2C6DA5C000BD5F77 /* HomeFloatingButton.swift in Sources */,
				2EE5659C2C6C548B00A3B69B /* AppCoordinator.swift in Sources */,
				2E233CAC2C6DA5C000BD5F77 /* FloatingMainButton.swift in Sources */,
				2EE565DF2C6C8B0500A3B69B /* UIOnboardingHelper.swift in Sources */,
				2EE565832C6C533500A3B69B /* ViewController.swift in Sources */,
				2E233CAD2C6DA5C000BD5F77 /* IconAndTextButton.swift in Sources */,
				2EE565D72C6C584200A3B69B /* HomeView.swift in Sources */,
				2E35B6B62C6F3CAE00F3F5C0 /* AlertKitHelper.swift in Sources */,
				2EE565CC2C6C57C600A3B69B /* TabBarItemE.swift in Sources */,
				2EAE4C6A2C7342940053B71D /* LinearGradient+Extensions.swift in Sources */,
				2E233CB52C6DA6C800BD5F77 /* Binding+Extensions.swift in Sources */,
				2EE565D22C6C57C600A3B69B /* CodeCardView.swift in Sources */,
				2EE565C52C6C57C600A3B69B /* ExportView.swift in Sources */,
				2EE565C42C6C57C600A3B69B /* AboutView.swift in Sources */,
				2EE565CE2C6C57C600A3B69B /* TabBarView.swift in Sources */,
				2EE5659A2C6C548B00A3B69B /* UIWindow+Extensions.swift in Sources */,
				2EE565C22C6C57C600A3B69B /* OTPGenerator.swift in Sources */,
				2EE565D42C6C57C600A3B69B /* TokenDetailView.swift in Sources */,
				2EE565C32C6C57C600A3B69B /* Token.swift in Sources */,
				2EAE4C6E2C743BC40053B71D /* PremiumLottieView.swift in Sources */,
				2EAE4C5E2C73300E0053B71D /* SettingType.swift in Sources */,
				2EE565D32C6C57C600A3B69B /* EditAccountView.swift in Sources */,
				2EAE4C5F2C73300E0053B71D /* WebView.swift in Sources */,
				2EE5657F2C6C533500A3B69B /* AppDelegate.swift in Sources */,
				2EE565C92C6C57C600A3B69B /* ManualEntryView.swift in Sources */,
				2E233CA52C6CEE5900BD5F77 /* Authenticator.xcdatamodeld in Sources */,
				2EE565C62C6C57C600A3B69B /* ActivityView.swift in Sources */,
				2EE565812C6C533500A3B69B /* SceneDelegate.swift in Sources */,
			);
			runOnlyForDeploymentPostprocessing = 0;
		};
/* End PBXSourcesBuildPhase section */

/* Begin PBXVariantGroup section */
		2EE565892C6C533700A3B69B /* LaunchScreen.storyboard */ = {
			isa = PBXVariantGroup;
			children = (
				2EE5658A2C6C533700A3B69B /* Base */,
			);
			name = LaunchScreen.storyboard;
			sourceTree = "<group>";
		};
/* End PBXVariantGroup section */

/* Begin XCBuildConfiguration section */
		2EE5658D2C6C533700A3B69B /* Debug */ = {
			isa = XCBuildConfiguration;
			buildSettings = {
				ALWAYS_SEARCH_USER_PATHS = NO;
				ASSETCATALOG_COMPILER_GENERATE_SWIFT_ASSET_SYMBOL_EXTENSIONS = YES;
				CLANG_ANALYZER_NONNULL = YES;
				CLANG_ANALYZER_NUMBER_OBJECT_CONVERSION = YES_AGGRESSIVE;
				CLANG_CXX_LANGUAGE_STANDARD = "gnu++20";
				CLANG_ENABLE_MODULES = YES;
				CLANG_ENABLE_OBJC_ARC = YES;
				CLANG_ENABLE_OBJC_WEAK = YES;
				CLANG_WARN_BLOCK_CAPTURE_AUTORELEASING = YES;
				CLANG_WARN_BOOL_CONVERSION = YES;
				CLANG_WARN_COMMA = YES;
				CLANG_WARN_CONSTANT_CONVERSION = YES;
				CLANG_WARN_DEPRECATED_OBJC_IMPLEMENTATIONS = YES;
				CLANG_WARN_DIRECT_OBJC_ISA_USAGE = YES_ERROR;
				CLANG_WARN_DOCUMENTATION_COMMENTS = YES;
				CLANG_WARN_EMPTY_BODY = YES;
				CLANG_WARN_ENUM_CONVERSION = YES;
				CLANG_WARN_INFINITE_RECURSION = YES;
				CLANG_WARN_INT_CONVERSION = YES;
				CLANG_WARN_NON_LITERAL_NULL_CONVERSION = YES;
				CLANG_WARN_OBJC_IMPLICIT_RETAIN_SELF = YES;
				CLANG_WARN_OBJC_LITERAL_CONVERSION = YES;
				CLANG_WARN_OBJC_ROOT_CLASS = YES_ERROR;
				CLANG_WARN_QUOTED_INCLUDE_IN_FRAMEWORK_HEADER = YES;
				CLANG_WARN_RANGE_LOOP_ANALYSIS = YES;
				CLANG_WARN_STRICT_PROTOTYPES = YES;
				CLANG_WARN_SUSPICIOUS_MOVE = YES;
				CLANG_WARN_UNGUARDED_AVAILABILITY = YES_AGGRESSIVE;
				CLANG_WARN_UNREACHABLE_CODE = YES;
				CLANG_WARN__DUPLICATE_METHOD_MATCH = YES;
				COPY_PHASE_STRIP = NO;
				DEBUG_INFORMATION_FORMAT = dwarf;
				ENABLE_STRICT_OBJC_MSGSEND = YES;
				ENABLE_TESTABILITY = YES;
				ENABLE_USER_SCRIPT_SANDBOXING = YES;
				GCC_C_LANGUAGE_STANDARD = gnu17;
				GCC_DYNAMIC_NO_PIC = NO;
				GCC_NO_COMMON_BLOCKS = YES;
				GCC_OPTIMIZATION_LEVEL = 0;
				GCC_PREPROCESSOR_DEFINITIONS = (
					"DEBUG=1",
					"$(inherited)",
				);
				GCC_WARN_64_TO_32_BIT_CONVERSION = YES;
				GCC_WARN_ABOUT_RETURN_TYPE = YES_ERROR;
				GCC_WARN_UNDECLARED_SELECTOR = YES;
				GCC_WARN_UNINITIALIZED_AUTOS = YES_AGGRESSIVE;
				GCC_WARN_UNUSED_FUNCTION = YES;
				GCC_WARN_UNUSED_VARIABLE = YES;
				IPHONEOS_DEPLOYMENT_TARGET = 17.5;
				LOCALIZATION_PREFERS_STRING_CATALOGS = YES;
				MTL_ENABLE_DEBUG_INFO = INCLUDE_SOURCE;
				MTL_FAST_MATH = YES;
				ONLY_ACTIVE_ARCH = YES;
				SDKROOT = iphoneos;
				SWIFT_ACTIVE_COMPILATION_CONDITIONS = "DEBUG $(inherited)";
				SWIFT_OPTIMIZATION_LEVEL = "-Onone";
			};
			name = Debug;
		};
		2EE5658E2C6C533700A3B69B /* Release */ = {
			isa = XCBuildConfiguration;
			buildSettings = {
				ALWAYS_SEARCH_USER_PATHS = NO;
				ASSETCATALOG_COMPILER_GENERATE_SWIFT_ASSET_SYMBOL_EXTENSIONS = YES;
				CLANG_ANALYZER_NONNULL = YES;
				CLANG_ANALYZER_NUMBER_OBJECT_CONVERSION = YES_AGGRESSIVE;
				CLANG_CXX_LANGUAGE_STANDARD = "gnu++20";
				CLANG_ENABLE_MODULES = YES;
				CLANG_ENABLE_OBJC_ARC = YES;
				CLANG_ENABLE_OBJC_WEAK = YES;
				CLANG_WARN_BLOCK_CAPTURE_AUTORELEASING = YES;
				CLANG_WARN_BOOL_CONVERSION = YES;
				CLANG_WARN_COMMA = YES;
				CLANG_WARN_CONSTANT_CONVERSION = YES;
				CLANG_WARN_DEPRECATED_OBJC_IMPLEMENTATIONS = YES;
				CLANG_WARN_DIRECT_OBJC_ISA_USAGE = YES_ERROR;
				CLANG_WARN_DOCUMENTATION_COMMENTS = YES;
				CLANG_WARN_EMPTY_BODY = YES;
				CLANG_WARN_ENUM_CONVERSION = YES;
				CLANG_WARN_INFINITE_RECURSION = YES;
				CLANG_WARN_INT_CONVERSION = YES;
				CLANG_WARN_NON_LITERAL_NULL_CONVERSION = YES;
				CLANG_WARN_OBJC_IMPLICIT_RETAIN_SELF = YES;
				CLANG_WARN_OBJC_LITERAL_CONVERSION = YES;
				CLANG_WARN_OBJC_ROOT_CLASS = YES_ERROR;
				CLANG_WARN_QUOTED_INCLUDE_IN_FRAMEWORK_HEADER = YES;
				CLANG_WARN_RANGE_LOOP_ANALYSIS = YES;
				CLANG_WARN_STRICT_PROTOTYPES = YES;
				CLANG_WARN_SUSPICIOUS_MOVE = YES;
				CLANG_WARN_UNGUARDED_AVAILABILITY = YES_AGGRESSIVE;
				CLANG_WARN_UNREACHABLE_CODE = YES;
				CLANG_WARN__DUPLICATE_METHOD_MATCH = YES;
				COPY_PHASE_STRIP = NO;
				DEBUG_INFORMATION_FORMAT = "dwarf-with-dsym";
				ENABLE_NS_ASSERTIONS = NO;
				ENABLE_STRICT_OBJC_MSGSEND = YES;
				ENABLE_USER_SCRIPT_SANDBOXING = YES;
				GCC_C_LANGUAGE_STANDARD = gnu17;
				GCC_NO_COMMON_BLOCKS = YES;
				GCC_WARN_64_TO_32_BIT_CONVERSION = YES;
				GCC_WARN_ABOUT_RETURN_TYPE = YES_ERROR;
				GCC_WARN_UNDECLARED_SELECTOR = YES;
				GCC_WARN_UNINITIALIZED_AUTOS = YES_AGGRESSIVE;
				GCC_WARN_UNUSED_FUNCTION = YES;
				GCC_WARN_UNUSED_VARIABLE = YES;
				IPHONEOS_DEPLOYMENT_TARGET = 17.5;
				LOCALIZATION_PREFERS_STRING_CATALOGS = YES;
				MTL_ENABLE_DEBUG_INFO = NO;
				MTL_FAST_MATH = YES;
				SDKROOT = iphoneos;
				SWIFT_COMPILATION_MODE = wholemodule;
				VALIDATE_PRODUCT = YES;
			};
			name = Release;
		};
		2EE565902C6C533700A3B69B /* Debug */ = {
			isa = XCBuildConfiguration;
			buildSettings = {
				ASSETCATALOG_COMPILER_APPICON_NAME = AppIcon;
				ASSETCATALOG_COMPILER_GLOBAL_ACCENT_COLOR_NAME = AccentColor;
				CODE_SIGN_STYLE = Automatic;
				CURRENT_PROJECT_VERSION = 1;
				DEVELOPMENT_TEAM = 8979BGY7V4;
				GENERATE_INFOPLIST_FILE = YES;
				INFOPLIST_FILE = Authenticator/Info.plist;
				INFOPLIST_KEY_NSCameraUsageDescription = "Access Camera to scan QR Code";
				INFOPLIST_KEY_UIApplicationSupportsIndirectInputEvents = YES;
				INFOPLIST_KEY_UILaunchStoryboardName = LaunchScreen;
				INFOPLIST_KEY_UISupportedInterfaceOrientations = UIInterfaceOrientationPortrait;
				INFOPLIST_KEY_UISupportedInterfaceOrientations_iPad = "UIInterfaceOrientationLandscapeLeft UIInterfaceOrientationLandscapeRight UIInterfaceOrientationPortrait UIInterfaceOrientationPortraitUpsideDown";
				IPHONEOS_DEPLOYMENT_TARGET = 16.0;
				LD_RUNPATH_SEARCH_PATHS = (
					"$(inherited)",
					"@executable_path/Frameworks",
				);
				MARKETING_VERSION = 1.0;
				PRODUCT_BUNDLE_IDENTIFIER = com.authen.Authenticator;
				PRODUCT_NAME = "$(TARGET_NAME)";
				SUPPORTED_PLATFORMS = "iphoneos iphonesimulator";
				SUPPORTS_MACCATALYST = NO;
				SUPPORTS_MAC_DESIGNED_FOR_IPHONE_IPAD = NO;
				SUPPORTS_XR_DESIGNED_FOR_IPHONE_IPAD = NO;
				SWIFT_EMIT_LOC_STRINGS = YES;
				SWIFT_VERSION = 5.0;
				TARGETED_DEVICE_FAMILY = 1;
			};
			name = Debug;
		};
		2EE565912C6C533700A3B69B /* Release */ = {
			isa = XCBuildConfiguration;
			buildSettings = {
				ASSETCATALOG_COMPILER_APPICON_NAME = AppIcon;
				ASSETCATALOG_COMPILER_GLOBAL_ACCENT_COLOR_NAME = AccentColor;
				CODE_SIGN_STYLE = Automatic;
				CURRENT_PROJECT_VERSION = 1;
				DEVELOPMENT_TEAM = 8979BGY7V4;
				GENERATE_INFOPLIST_FILE = YES;
				INFOPLIST_FILE = Authenticator/Info.plist;
				INFOPLIST_KEY_NSCameraUsageDescription = "Access Camera to scan QR Code";
				INFOPLIST_KEY_UIApplicationSupportsIndirectInputEvents = YES;
				INFOPLIST_KEY_UILaunchStoryboardName = LaunchScreen;
				INFOPLIST_KEY_UISupportedInterfaceOrientations = UIInterfaceOrientationPortrait;
				INFOPLIST_KEY_UISupportedInterfaceOrientations_iPad = "UIInterfaceOrientationLandscapeLeft UIInterfaceOrientationLandscapeRight UIInterfaceOrientationPortrait UIInterfaceOrientationPortraitUpsideDown";
				IPHONEOS_DEPLOYMENT_TARGET = 16.0;
				LD_RUNPATH_SEARCH_PATHS = (
					"$(inherited)",
					"@executable_path/Frameworks",
				);
				MARKETING_VERSION = 1.0;
				PRODUCT_BUNDLE_IDENTIFIER = com.authen.Authenticator;
				PRODUCT_NAME = "$(TARGET_NAME)";
				SUPPORTED_PLATFORMS = "iphoneos iphonesimulator";
				SUPPORTS_MACCATALYST = NO;
				SUPPORTS_MAC_DESIGNED_FOR_IPHONE_IPAD = NO;
				SUPPORTS_XR_DESIGNED_FOR_IPHONE_IPAD = NO;
				SWIFT_EMIT_LOC_STRINGS = YES;
				SWIFT_VERSION = 5.0;
				TARGETED_DEVICE_FAMILY = 1;
			};
			name = Release;
		};
/* End XCBuildConfiguration section */

/* Begin XCConfigurationList section */
		2EE565762C6C533500A3B69B /* Build configuration list for PBXProject "Authenticator" */ = {
			isa = XCConfigurationList;
			buildConfigurations = (
				2EE5658D2C6C533700A3B69B /* Debug */,
				2EE5658E2C6C533700A3B69B /* Release */,
			);
			defaultConfigurationIsVisible = 0;
			defaultConfigurationName = Release;
		};
		2EE5658F2C6C533700A3B69B /* Build configuration list for PBXNativeTarget "Authenticator" */ = {
			isa = XCConfigurationList;
			buildConfigurations = (
				2EE565902C6C533700A3B69B /* Debug */,
				2EE565912C6C533700A3B69B /* Release */,
			);
			defaultConfigurationIsVisible = 0;
			defaultConfigurationName = Release;
		};
/* End XCConfigurationList section */

/* Begin XCRemoteSwiftPackageReference section */
		2E233C9E2C6CA3D700BD5F77 /* XCRemoteSwiftPackageReference "Pow" */ = {
			isa = XCRemoteSwiftPackageReference;
			repositoryURL = "https://github.com/EmergeTools/Pow";
			requirement = {
				kind = upToNextMajorVersion;
				minimumVersion = 1.0.4;
			};
		};
		2E233CAE2C6DA65400BD5F77 /* XCRemoteSwiftPackageReference "FloatingButton" */ = {
			isa = XCRemoteSwiftPackageReference;
			repositoryURL = "https://github.com/exyte/FloatingButton.git";
			requirement = {
				kind = upToNextMajorVersion;
				minimumVersion = 1.3.0;
			};
		};
		2E35B6B12C6F3C2D00F3F5C0 /* XCRemoteSwiftPackageReference "AlertKit" */ = {
			isa = XCRemoteSwiftPackageReference;
			repositoryURL = "https://github.com/sparrowcode/AlertKit.git";
			requirement = {
				kind = upToNextMajorVersion;
				minimumVersion = 5.1.9;
			};
		};
		2EAE4C632C7334370053B71D /* XCRemoteSwiftPackageReference "lottie-spm" */ = {
			isa = XCRemoteSwiftPackageReference;
			repositoryURL = "https://github.com/airbnb/lottie-spm.git";
			requirement = {
				kind = upToNextMajorVersion;
				minimumVersion = 4.5.0;
			};
		};
		2EAE4C762C747D2F0053B71D /* XCRemoteSwiftPackageReference "SwiftUI-Shimmer" */ = {
			isa = XCRemoteSwiftPackageReference;
			repositoryURL = "https://github.com/markiv/SwiftUI-Shimmer.git";
			requirement = {
				kind = upToNextMajorVersion;
				minimumVersion = 1.5.1;
			};
		};
		2EE5659F2C6C562900A3B69B /* XCRemoteSwiftPackageReference "SwiftOTP" */ = {
			isa = XCRemoteSwiftPackageReference;
			repositoryURL = "https://github.com/lachlanbell/SwiftOTP";
			requirement = {
				kind = upToNextMajorVersion;
				minimumVersion = 3.0.2;
			};
		};
		2EE565A22C6C564000A3B69B /* XCRemoteSwiftPackageReference "swiftui-tab-bar" */ = {
			isa = XCRemoteSwiftPackageReference;
			repositoryURL = "https://github.com/zijievv/swiftui-tab-bar.git";
			requirement = {
				kind = upToNextMajorVersion;
				minimumVersion = 1.0.1;
			};
		};
		2EE565D82C6C5A7F00A3B69B /* XCRemoteSwiftPackageReference "SnapKit" */ = {
			isa = XCRemoteSwiftPackageReference;
			repositoryURL = "https://github.com/SnapKit/SnapKit.git";
			requirement = {
				kind = upToNextMajorVersion;
				minimumVersion = 5.7.1;
			};
		};
		2EE565E02C6C8B2100A3B69B /* XCRemoteSwiftPackageReference "UIOnboarding" */ = {
			isa = XCRemoteSwiftPackageReference;
			repositoryURL = "https://github.com/lascic/UIOnboarding.git";
			requirement = {
				kind = upToNextMajorVersion;
				minimumVersion = 2.0.3;
			};
		};
/* End XCRemoteSwiftPackageReference section */

/* Begin XCSwiftPackageProductDependency section */
		2E233C9F2C6CA3D700BD5F77 /* Pow */ = {
			isa = XCSwiftPackageProductDependency;
			package = 2E233C9E2C6CA3D700BD5F77 /* XCRemoteSwiftPackageReference "Pow" */;
			productName = Pow;
		};
		2E233CAF2C6DA65400BD5F77 /* FloatingButton */ = {
			isa = XCSwiftPackageProductDependency;
			package = 2E233CAE2C6DA65400BD5F77 /* XCRemoteSwiftPackageReference "FloatingButton" */;
			productName = FloatingButton;
		};
		2E35B6B22C6F3C2D00F3F5C0 /* AlertKit */ = {
			isa = XCSwiftPackageProductDependency;
			package = 2E35B6B12C6F3C2D00F3F5C0 /* XCRemoteSwiftPackageReference "AlertKit" */;
			productName = AlertKit;
		};
		2EAE4C642C7334370053B71D /* Lottie */ = {
			isa = XCSwiftPackageProductDependency;
			package = 2EAE4C632C7334370053B71D /* XCRemoteSwiftPackageReference "lottie-spm" */;
			productName = Lottie;
		};
		2EAE4C772C747D2F0053B71D /* Shimmer */ = {
			isa = XCSwiftPackageProductDependency;
			package = 2EAE4C762C747D2F0053B71D /* XCRemoteSwiftPackageReference "SwiftUI-Shimmer" */;
			productName = Shimmer;
		};
		2EE565A02C6C562900A3B69B /* SwiftOTP */ = {
			isa = XCSwiftPackageProductDependency;
			package = 2EE5659F2C6C562900A3B69B /* XCRemoteSwiftPackageReference "SwiftOTP" */;
			productName = SwiftOTP;
		};
		2EE565A32C6C564000A3B69B /* TabBarModule */ = {
			isa = XCSwiftPackageProductDependency;
			package = 2EE565A22C6C564000A3B69B /* XCRemoteSwiftPackageReference "swiftui-tab-bar" */;
			productName = TabBarModule;
		};
		2EE565D92C6C5A7F00A3B69B /* SnapKit */ = {
			isa = XCSwiftPackageProductDependency;
			package = 2EE565D82C6C5A7F00A3B69B /* XCRemoteSwiftPackageReference "SnapKit" */;
			productName = SnapKit;
		};
		2EE565E12C6C8B2100A3B69B /* UIOnboarding */ = {
			isa = XCSwiftPackageProductDependency;
			package = 2EE565E02C6C8B2100A3B69B /* XCRemoteSwiftPackageReference "UIOnboarding" */;
			productName = UIOnboarding;
		};
/* End XCSwiftPackageProductDependency section */

/* Begin XCVersionGroup section */
		2E233CA32C6CEE5900BD5F77 /* Authenticator.xcdatamodeld */ = {
			isa = XCVersionGroup;
			children = (
				2E233CA42C6CEE5900BD5F77 /* Authenticator.xcdatamodel */,
			);
			currentVersion = 2E233CA42C6CEE5900BD5F77 /* Authenticator.xcdatamodel */;
			name = Authenticator.xcdatamodeld;
			path = "/Users/trungvo/swift-authenticator/Authenticator/Authenticator/Authenticator.xcdatamodeld";
			sourceTree = "<group>";
			versionGroupType = wrapper.xcdatamodel;
		};
/* End XCVersionGroup section */
	};
	rootObject = 2EE565732C6C533500A3B69B /* Project object */;
}
